GIT
  remote: https://github.com/ruby/lrama.git
  revision: c8317b55850bc6cd9033ddfbf816377b73f6c7bc
  ref: c8317b55850bc6cd9033ddfbf816377b73f6c7bc
  specs:
    lrama (0.8.0)

GEM
  remote: https://rubygems.org/
  specs:
    bigdecimal (4.1.3)
    hana (1.3.7)
    json_schemer (2.5.0)
      bigdecimal
      hana (~> 1.3)
      regexp_parser (~> 2.0)
      simpleidn (~> 0.2)
    minitest (5.27.0)
    nokogiri (1.19.4-aarch64-linux-gnu)
      racc (~> 1.4)
    nokogiri (1.19.4-aarch64-linux-musl)
      racc (~> 1.4)
    nokogiri (1.19.4-arm-linux-gnu)
      racc (~> 1.4)
    nokogiri (1.19.4-arm-linux-musl)
      racc (~> 1.4)
    nokogiri (1.19.4-arm64-darwin)
      racc (~> 1.4)
    nokogiri (1.19.4-x86_64-darwin)
      racc (~> 1.4)
    nokogiri (1.19.4-x86_64-linux-gnu)
      racc (~> 1.4)
    nokogiri (1.19.4-x86_64-linux-musl)
      racc (~> 1.4)
    racc (1.8.1)
    railroad_diagrams (0.3.0)
    rake (13.4.2)
    regexp_parser (2.13.1)
    simpleidn (0.3.0)
    webrick (1.9.2)

PLATFORMS
  aarch64-linux
  aarch64-linux-gnu
  aarch64-linux-musl
  arm-linux-gnu
  arm-linux-musl
  arm64-darwin
  x86_64-darwin
  x86_64-linux
  x86_64-linux-gnu
  x86_64-linux-musl

DEPENDENCIES
  json_schemer (~> 2.5)
  lrama!
  minitest (~> 5.27)
  nokogiri (~> 1.19)
  railroad_diagrams (~> 0.3.0)
  rake (~> 13.4)
  webrick (~> 1.9)

CHECKSUMS
  bigdecimal (4.1.3) sha256=61ebe1e5e559bdc3cc6f2c0ee7f427321fc838f59611c294356eb04d6e21cf66
  bundler (4.0.20) sha256=7978a8ac648767f5e635bc522445b79e80a52b907a39a36c2d8085ed6bc762ae
  hana (1.3.7) sha256=5425db42d651fea08859811c29d20446f16af196308162894db208cac5ce9b0d
  json_schemer (2.5.0) sha256=2f01fb4cce721a4e08dd068fc2030cffd0702a7f333f1ea2be6e8991f00ae396
  lrama (0.8.0)
  minitest (5.27.0) sha256=2d3b17f8a36fe7801c1adcffdbc38233b938eb0b4966e97a6739055a45fa77d5
  nokogiri (1.19.4-aarch64-linux-gnu) sha256=1269fb644a6de405057a53dd5c762b1209b43ca7424f839454d3dbc677c31a8f
  nokogiri (1.19.4-aarch64-linux-musl) sha256=35c65b9ce72b3bb03207bdbe7067915019dc18c1b9b59139684bd6690fdd01af
  nokogiri (1.19.4-arm-linux-gnu) sha256=a301313e38bb065d68239e79734bcd6f56fb6efaacebde29e9abf2a4735340ca
  nokogiri (1.19.4-arm-linux-musl) sha256=588923c101bcfa78869734d247d25b598674323e7f22474fc468f6e5647311eb
  nokogiri (1.19.4-arm64-darwin) sha256=a46db9853286e6597b36ebc6953817d15acf3a299583eb3f89fdc6f91dd63527
  nokogiri (1.19.4-x86_64-darwin) sha256=7fd17057d3e1f00e9954a74b3cd76595d3d4a5ef233b7ed9599047c204f70551
  nokogiri (1.19.4-x86_64-linux-gnu) sha256=379fae440b28915e3f19d752ce2dcf8465ed2b2fbefd2a7ca0dd497bc981a06a
  nokogiri (1.19.4-x86_64-linux-musl) sha256=17dfb7c1fa194ae02fbf7c51a7afc8d278045ab3fdacfd86f91d02d7b274470b
  racc (1.8.1) sha256=4a7f6929691dbec8b5209a0b373bc2614882b55fc5d2e447a21aaa691303d62f
  railroad_diagrams (0.3.0) sha256=f28dd50a972e71b272ef1459bae6917ff6cb28ff71192e7b04ee348c19b8c529
  rake (13.4.2) sha256=cb825b2bd5f1f8e91ca37bddb4b9aaf345551b4731da62949be002fa89283701
  regexp_parser (2.13.1) sha256=5aedb6b7c35688f51e86eef17a15374dfd287c83f4ca644b2c5f3ec50a33b44b
  simpleidn (0.3.0) sha256=12ca730bed2f3db04d11e9bfd1bca3e11fb37f55b21eb2e9793fb5814bf54d03
  webrick (1.9.2) sha256=beb4a15fc474defed24a3bda4ffd88a490d517c9e4e6118c3edce59e45864131

RUBY VERSION
  ruby 4.0.6

BUNDLED WITH
  4.0.20
